
Microsoft Visual Studio Solution File, Format Version 12.00
# Visual Studio Version 17
VisualStudioVersion = 17.0.31903.59
MinimumVisualStudioVersion = 10.0.40219.1
Project("{2150E333-8FDC-42A3-9474-1A3956D46DE8}") = "src", "src", "{827E0CD3-B72D-47B6-A68D-7590B98EB39B}"
EndProject
Project("{FAE04EC0-301F-11D3-BF4B-00C04F79EFBC}") = "B2B.Domain", "src\B2B.Domain\B2B.Domain.csproj", "{D707B88D-A9F1-4696-BE65-CBB75498E20D}"
EndProject
Project("{FAE04EC0-301F-11D3-BF4B-00C04F79EFBC}") = "B2B.Application", "src\B2B.Application\B2B.Application.csproj", "{DB1DB59B-88C5-49DF-8525-E0275DE0DE21}"
EndProject
Project("{FAE04EC0-301F-11D3-BF4B-00C04F79EFBC}") = "B2B.Infrastructure", "src\B2B.Infrastructure\B2B.Infrastructure.csproj", "{D647952E-CC1F-4400-AD6D-26508D412797}"
EndProject
Project("{FAE04EC0-301F-11D3-BF4B-00C04F79EFBC}") = "B2B.API", "src\B2B.API\B2B.API.csproj", "{E932FCE8-EF6F-4B92-B249-214FE1DDE1F4}"
EndProject
Project("{FAE04EC0-301F-11D3-BF4B-00C04F79EFBC}") = "B2B.Worker", "src\B2B.Worker\B2B.Worker.csproj", "{720AD708-AC00-450D-8C91-CE7CE525D135}"
EndProject
Project("{FAE04EC0-301F-11D3-BF4B-00C04F79EFBC}") = "B2B.Shared", "src\B2B.Shared\B2B.Shared.csproj", "{55406F6F-2BF1-4C0C-8870-9157010B75B2}"
EndProject
Project("{2150E333-8FDC-42A3-9474-1A3956D46DE8}") = "tests", "tests", "{0AB3BF05-4346-4AA6-1389-037BE0695223}"
EndProject
Project("{FAE04EC0-301F-11D3-BF4B-00C04F79EFBC}") = "B2B.Tests", "tests\B2B.Tests\B2B.Tests.csproj", "{D061F6AB-DAF8-413C-9850-00BCD90E143B}"
EndProject
Global
	GlobalSection(SolutionConfigurationPlatforms) = preSolution
		Debug|Any CPU = Debug|Any CPU
		Debug|x64 = Debug|x64
		Debug|x86 = Debug|x86
		Release|Any CPU = Release|Any CPU
		Release|x64 = Release|x64
		Release|x86 = Release|x86
	EndGlobalSection
	GlobalSection(ProjectConfigurationPlatforms) = postSolution
		{D707B88D-A9F1-4696-BE65-CBB75498E20D}.Debug|Any CPU.ActiveCfg = Debug|Any CPU
		{D707B88D-A9F1-4696-BE65-CBB75498E20D}.Debug|Any CPU.Build.0 = Debug|Any CPU
		{D707B88D-A9F1-4696-BE65-CBB75498E20D}.Debug|x64.ActiveCfg = Debug|Any CPU
		{D707B88D-A9F1-4696-BE65-CBB75498E20D}.Debug|x64.Build.0 = Debug|Any CPU
		{D707B88D-A9F1-4696-BE65-CBB75498E20D}.Debug|x86.ActiveCfg = Debug|Any CPU
		{D707B88D-A9F1-4696-BE65-CBB75498E20D}.Debug|x86.Build.0 = Debug|Any CPU
		{D707B88D-A9F1-4696-BE65-CBB75498E20D}.Release|Any CPU.ActiveCfg = Release|Any CPU
		{D707B88D-A9F1-4696-BE65-CBB75498E20D}.Release|Any CPU.Build.0 = Release|Any CPU
		{D707B88D-A9F1-4696-BE65-CBB75498E20D}.Release|x64.ActiveCfg = Release|Any CPU
		{D707B88D-A9F1-4696-BE65-CBB75498E20D}.Release|x64.Build.0 = Release|Any CPU
		{D707B88D-A9F1-4696-BE65-CBB75498E20D}.Release|x86.ActiveCfg = Release|Any CPU
		{D707B88D-A9F1-4696-BE65-CBB75498E20D}.Release|x86.Build.0 = Release|Any CPU
		{DB1DB59B-88C5-49DF-8525-E0275DE0DE21}.Debug|Any CPU.ActiveCfg = Debug|Any CPU
		{DB1DB59B-88C5-49DF-8525-E0275DE0DE21}.Debug|Any CPU.Build.0 = Debug|Any CPU
		{DB1DB59B-88C5-49DF-8525-E0275DE0DE21}.Debug|x64.ActiveCfg = Debug|Any CPU
		{DB1DB59B-88C5-49DF-8525-E0275DE0DE21}.Debug|x64.Build.0 = Debug|Any CPU
		{DB1DB59B-88C5-49DF-8525-E0275DE0DE21}.Debug|x86.ActiveCfg = Debug|Any CPU
		{DB1DB59B-88C5-49DF-8525-E0275DE0DE21}.Debug|x86.Build.0 = Debug|Any CPU
		{DB1DB59B-88C5-49DF-8525-E0275DE0DE21}.Release|Any CPU.ActiveCfg = Release|Any CPU
		{DB1DB59B-88C5-49DF-8525-E0275DE0DE21}.Release|Any CPU.Build.0 = Release|Any CPU
		{DB1DB59B-88C5-49DF-8525-E0275DE0DE21}.Release|x64.ActiveCfg = Release|Any CPU
		{DB1DB59B-88C5-49DF-8525-E0275DE0DE21}.Release|x64.Build.0 = Release|Any CPU
		{DB1DB59B-88C5-49DF-8525-E0275DE0DE21}.Release|x86.ActiveCfg = Release|Any CPU
		{DB1DB59B-88C5-49DF-8525-E0275DE0DE21}.Release|x86.Build.0 = Release|Any CPU
		{D647952E-CC1F-4400-AD6D-26508D412797}.Debug|Any CPU.ActiveCfg = Debug|Any CPU
		{D647952E-CC1F-4400-AD6D-26508D412797}.Debug|Any CPU.Build.0 = Debug|Any CPU
		{D647952E-CC1F-4400-AD6D-26508D412797}.Debug|x64.ActiveCfg = Debug|Any CPU
		{D647952E-CC1F-4400-AD6D-26508D412797}.Debug|x64.Build.0 = Debug|Any CPU
		{D647952E-CC1F-4400-AD6D-26508D412797}.Debug|x86.ActiveCfg = Debug|Any CPU
		{D647952E-CC1F-4400-AD6D-26508D412797}.Debug|x86.Build.0 = Debug|Any CPU
		{D647952E-CC1F-4400-AD6D-26508D412797}.Release|Any CPU.ActiveCfg = Release|Any CPU
		{D647952E-CC1F-4400-AD6D-26508D412797}.Release|Any CPU.Build.0 = Release|Any CPU
		{D647952E-CC1F-4400-AD6D-26508D412797}.Release|x64.ActiveCfg = Release|Any CPU
		{D647952E-CC1F-4400-AD6D-26508D412797}.Release|x64.Build.0 = Release|Any CPU
		{D647952E-CC1F-4400-AD6D-26508D412797}.Release|x86.ActiveCfg = Release|Any CPU
		{D647952E-CC1F-4400-AD6D-26508D412797}.Release|x86.Build.0 = Release|Any CPU
		{E932FCE8-EF6F-4B92-B249-214FE1DDE1F4}.Debug|Any CPU.ActiveCfg = Debug|Any CPU
		{E932FCE8-EF6F-4B92-B249-214FE1DDE1F4}.Debug|Any CPU.Build.0 = Debug|Any CPU
		{E932FCE8-EF6F-4B92-B249-214FE1DDE1F4}.Debug|x64.ActiveCfg = Debug|Any CPU
		{E932FCE8-EF6F-4B92-B249-214FE1DDE1F4}.Debug|x64.Build.0 = Debug|Any CPU
		{E932FCE8-EF6F-4B92-B249-214FE1DDE1F4}.Debug|x86.ActiveCfg = Debug|Any CPU
		{E932FCE8-EF6F-4B92-B249-214FE1DDE1F4}.Debug|x86.Build.0 = Debug|Any CPU
		{E932FCE8-EF6F-4B92-B249-214FE1DDE1F4}.Release|Any CPU.ActiveCfg = Release|Any CPU
		{E932FCE8-EF6F-4B92-B249-214FE1DDE1F4}.Release|Any CPU.Build.0 = Release|Any CPU
		{E932FCE8-EF6F-4B92-B249-214FE1DDE1F4}.Release|x64.ActiveCfg = Release|Any CPU
		{E932FCE8-EF6F-4B92-B249-214FE1DDE1F4}.Release|x64.Build.0 = Release|Any CPU
		{E932FCE8-EF6F-4B92-B249-214FE1DDE1F4}.Release|x86.ActiveCfg = Release|Any CPU
		{E932FCE8-EF6F-4B92-B249-214FE1DDE1F4}.Release|x86.Build.0 = Release|Any CPU
		{720AD708-AC00-450D-8C91-CE7CE525D135}.Debug|Any CPU.ActiveCfg = Debug|Any CPU
		{720AD708-AC00-450D-8C91-CE7CE525D135}.Debug|Any CPU.Build.0 = Debug|Any CPU
		{720AD708-AC00-450D-8C91-CE7CE525D135}.Debug|x64.ActiveCfg = Debug|Any CPU
		{720AD708-AC00-450D-8C91-CE7CE525D135}.Debug|x64.Build.0 = Debug|Any CPU
		{720AD708-AC00-450D-8C91-CE7CE525D135}.Debug|x86.ActiveCfg = Debug|Any CPU
		{720AD708-AC00-450D-8C91-CE7CE525D135}.Debug|x86.Build.0 = Debug|Any CPU
		{720AD708-AC00-450D-8C91-CE7CE525D135}.Release|Any CPU.ActiveCfg = Release|Any CPU
		{720AD708-AC00-450D-8C91-CE7CE525D135}.Release|Any CPU.Build.0 = Release|Any CPU
		{720AD708-AC00-450D-8C91-CE7CE525D135}.Release|x64.ActiveCfg = Release|Any CPU
		{720AD708-AC00-450D-8C91-CE7CE525D135}.Release|x64.Build.0 = Release|Any CPU
		{720AD708-AC00-450D-8C91-CE7CE525D135}.Release|x86.ActiveCfg = Release|Any CPU
		{720AD708-AC00-450D-8C91-CE7CE525D135}.Release|x86.Build.0 = Release|Any CPU
		{55406F6F-2BF1-4C0C-8870-9157010B75B2}.Debug|Any CPU.ActiveCfg = Debug|Any CPU
		{55406F6F-2BF1-4C0C-8870-9157010B75B2}.Debug|Any CPU.Build.0 = Debug|Any CPU
		{55406F6F-2BF1-4C0C-8870-9157010B75B2}.Debug|x64.ActiveCfg = Debug|Any CPU
		{55406F6F-2BF1-4C0C-8870-9157010B75B2}.Debug|x64.Build.0 = Debug|Any CPU
		{55406F6F-2BF1-4C0C-8870-9157010B75B2}.Debug|x86.ActiveCfg = Debug|Any CPU
		{55406F6F-2BF1-4C0C-8870-9157010B75B2}.Debug|x86.Build.0 = Debug|Any CPU
		{55406F6F-2BF1-4C0C-8870-9157010B75B2}.Release|Any CPU.ActiveCfg = Release|Any CPU
		{55406F6F-2BF1-4C0C-8870-9157010B75B2}.Release|Any CPU.Build.0 = Release|Any CPU
		{55406F6F-2BF1-4C0C-8870-9157010B75B2}.Release|x64.ActiveCfg = Release|Any CPU
		{55406F6F-2BF1-4C0C-8870-9157010B75B2}.Release|x64.Build.0 = Release|Any CPU
		{55406F6F-2BF1-4C0C-8870-9157010B75B2}.Release|x86.ActiveCfg = Release|Any CPU
		{55406F6F-2BF1-4C0C-8870-9157010B75B2}.Release|x86.Build.0 = Release|Any CPU
		{D061F6AB-DAF8-413C-9850-00BCD90E143B}.Debug|Any CPU.ActiveCfg = Debug|Any CPU
		{D061F6AB-DAF8-413C-9850-00BCD90E143B}.Debug|Any CPU.Build.0 = Debug|Any CPU
		{D061F6AB-DAF8-413C-9850-00BCD90E143B}.Debug|x64.ActiveCfg = Debug|Any CPU
		{D061F6AB-DAF8-413C-9850-00BCD90E143B}.Debug|x64.Build.0 = Debug|Any CPU
		{D061F6AB-DAF8-413C-9850-00BCD90E143B}.Debug|x86.ActiveCfg = Debug|Any CPU
		{D061F6AB-DAF8-413C-9850-00BCD90E143B}.Debug|x86.Build.0 = Debug|Any CPU
		{D061F6AB-DAF8-413C-9850-00BCD90E143B}.Release|Any CPU.ActiveCfg = Release|Any CPU
		{D061F6AB-DAF8-413C-9850-00BCD90E143B}.Release|Any CPU.Build.0 = Release|Any CPU
		{D061F6AB-DAF8-413C-9850-00BCD90E143B}.Release|x64.ActiveCfg = Release|Any CPU
		{D061F6AB-DAF8-413C-9850-00BCD90E143B}.Release|x64.Build.0 = Release|Any CPU
		{D061F6AB-DAF8-413C-9850-00BCD90E143B}.Release|x86.ActiveCfg = Release|Any CPU
		{D061F6AB-DAF8-413C-9850-00BCD90E143B}.Release|x86.Build.0 = Release|Any CPU
	EndGlobalSection
	GlobalSection(SolutionProperties) = preSolution
		HideSolutionNode = FALSE
	EndGlobalSection
	GlobalSection(NestedProjects) = preSolution
		{D707B88D-A9F1-4696-BE65-CBB75498E20D} = {827E0CD3-B72D-47B6-A68D-7590B98EB39B}
		{DB1DB59B-88C5-49DF-8525-E0275DE0DE21} = {827E0CD3-B72D-47B6-A68D-7590B98EB39B}
		{D647952E-CC1F-4400-AD6D-26508D412797} = {827E0CD3-B72D-47B6-A68D-7590B98EB39B}
		{E932FCE8-EF6F-4B92-B249-214FE1DDE1F4} = {827E0CD3-B72D-47B6-A68D-7590B98EB39B}
		{720AD708-AC00-450D-8C91-CE7CE525D135} = {827E0CD3-B72D-47B6-A68D-7590B98EB39B}
		{55406F6F-2BF1-4C0C-8870-9157010B75B2} = {827E0CD3-B72D-47B6-A68D-7590B98EB39B}
		{D061F6AB-DAF8-413C-9850-00BCD90E143B} = {0AB3BF05-4346-4AA6-1389-037BE0695223}
	EndGlobalSection
EndGlobal
